Microsoft Visual Studio Solution File, Format Version 11.00
# Visual Studio 2008

Project("{511487C3-929F-D168-1FA3-E6080A4CD132}") = "StrangeIocPeoject", "Assembly-CSharp.csproj", "{7FB4F3C4-800B-7B8B-607E-307868AF3E24}"
EndProject
Global
	GlobalSection(SolutionConfigurationPlatforms) = preSolution
		Debug|Any CPU = Debug|Any CPU
		Release|Any CPU = Release|Any CPU
	EndGlobalSection
	GlobalSection(ProjectConfigurationPlatforms) = postSolution
		{7FB4F3C4-800B-7B8B-607E-307868AF3E24}.Debug|Any CPU.ActiveCfg = Debug|Any CPU
		{7FB4F3C4-800B-7B8B-607E-307868AF3E24}.Debug|Any CPU.Build.0 = Debug|Any CPU
		{7FB4F3C4-800B-7B8B-607E-307868AF3E24}.Release|Any CPU.ActiveCfg = Release|Any CPU
		{7FB4F3C4-800B-7B8B-607E-307868AF3E24}.Release|Any CPU.Build.0 = Release|Any CPU
	EndGlobalSection
	GlobalSection(SolutionProperties) = preSolution
		HideSolutionNode = FALSE
	EndGlobalSection
	GlobalSection(MonoDevelopProperties) = preSolution
		StartupItem = Assembly-CSharp.csproj
	EndGlobalSection
EndGlobal
